// !$*UTF8*$!
{
	archiveVersion = 1;
	classes = {
	};
	objectVersion = 56;
	objects = {

/* Begin PBXBuildFile section */
		163553082B5ABB5800CA6DE8 /* ExpenseTrackerApp.swift in Sources */ = {isa = PBXBuildFile; fileRef = 163553072B5ABB5800CA6DE8 /* ExpenseTrackerApp.swift */; };
		1635530A2B5ABB5800CA6DE8 /* ContentView.swift in Sources */ = {isa = PBXBuildFile; fileRef = 163553092B5ABB5800CA6DE8 /* ContentView.swift */; };
		1635530C2B5ABB5900CA6DE8 /* Assets.xcassets in Resources */ = {isa = PBXBuildFile; fileRef = 1635530B2B5ABB5900CA6DE8 /* Assets.xcassets */; };
		1635530F2B5ABB5900CA6DE8 /* Preview Assets.xcassets in Resources */ = {isa = PBXBuildFile; fileRef = 1635530E2B5ABB5900CA6DE8 /* Preview Assets.xcassets */; };
		16A2DAEA2B5AC42C00BAF175 /* TransactionModel.swift in Sources */ = {isa = PBXBuildFile; fileRef = 16A2DAE92B5AC42C00BAF175 /* TransactionModel.swift */; };
		16A2DAEC2B5AC54000BAF175 /* PreviewData.swift in Sources */ = {isa = PBXBuildFile; fileRef = 16A2DAEB2B5AC54000BAF175 /* PreviewData.swift */; };
		16A2DAEE2B5AC5DE00BAF175 /* TransactionRow.swift in Sources */ = {isa = PBXBuildFile; fileRef = 16A2DAED2B5AC5DE00BAF175 /* TransactionRow.swift */; };
		16A2DAF02B5AC77100BAF175 /* Extensions.swift in Sources */ = {isa = PBXBuildFile; fileRef = 16A2DAEF2B5AC77100BAF175 /* Extensions.swift */; };
		16A2DAF32B5AC9C400BAF175 /* SwiftUIFontIcon in Frameworks */ = {isa = PBXBuildFile; productRef = 16A2DAF22B5AC9C400BAF175 /* SwiftUIFontIcon */; };
		16A2DAF52B5AD61000BAF175 /* TransactionListViewModel.swift in Sources */ = {isa = PBXBuildFile; fileRef = 16A2DAF42B5AD61000BAF175 /* TransactionListViewModel.swift */; };
		16A2DAF72B5ADB4500BAF175 /* RecentTransactionList.swift in Sources */ = {isa = PBXBuildFile; fileRef = 16A2DAF62B5ADB4500BAF175 /* RecentTransactionList.swift */; };
		16C8F46C2B5B723A007B346B /* TransactionList.swift in Sources */ = {isa = PBXBuildFile; fileRef = 16C8F46B2B5B723A007B346B /* TransactionList.swift */; };
		16C8F46F2B5B7513007B346B /* Collections in Frameworks */ = {isa = PBXBuildFile; productRef = 16C8F46E2B5B7513007B346B /* Collections */; };
		16C8F4712B5B7513007B346B /* DequeModule in Frameworks */ = {isa = PBXBuildFile; productRef = 16C8F4702B5B7513007B346B /* DequeModule */; };
		16C8F4732B5B7513007B346B /* OrderedCollections in Frameworks */ = {isa = PBXBuildFile; productRef = 16C8F4722B5B7513007B346B /* OrderedCollections */; };
		16C8F4762B5B7774007B346B /* SwiftUICharts in Frameworks */ = {isa = PBXBuildFile; productRef = 16C8F4752B5B7774007B346B /* SwiftUICharts */; };
/* End PBXBuildFile section */

/* Begin PBXFileReference section */
		163553042B5ABB5800CA6DE8 /* ExpenseTracker.app */ = {isa = PBXFileReference; explicitFileType = wrapper.application; includeInIndex = 0; path = ExpenseTracker.app; sourceTree = BUILT_PRODUCTS_DIR; };
		163553072B5ABB5800CA6DE8 /* ExpenseTrackerApp.swift */ = {isa = PBXFileReference; lastKnownFileType = sourcecode.swift; path = ExpenseTrackerApp.swift; sourceTree = "<group>"; };
		163553092B5ABB5800CA6DE8 /* ContentView.swift */ = {isa = PBXFileReference; lastKnownFileType = sourcecode.swift; path = ContentView.swift; sourceTree = "<group>"; };
		1635530B2B5ABB5900CA6DE8 /* Assets.xcassets */ = {isa = PBXFileReference; lastKnownFileType = folder.assetcatalog; path = Assets.xcassets; sourceTree = "<group>"; };
		1635530E2B5ABB5900CA6DE8 /* Preview Assets.xcassets */ = {isa = PBXFileReference; lastKnownFileType = folder.assetcatalog; path = "Preview Assets.xcassets"; sourceTree = "<group>"; };
		16A2DAE92B5AC42C00BAF175 /* TransactionModel.swift */ = {isa = PBXFileReference; lastKnownFileType = sourcecode.swift; path = TransactionModel.swift; sourceTree = "<group>"; };
		16A2DAEB2B5AC54000BAF175 /* PreviewData.swift */ = {isa = PBXFileReference; lastKnownFileType = sourcecode.swift; path = PreviewData.swift; sourceTree = "<group>"; };
		16A2DAED2B5AC5DE00BAF175 /* TransactionRow.swift */ = {isa = PBXFileReference; lastKnownFileType = sourcecode.swift; path = TransactionRow.swift; sourceTree = "<group>"; };
		16A2DAEF2B5AC77100BAF175 /* Extensions.swift */ = {isa = PBXFileReference; lastKnownFileType = sourcecode.swift; path = Extensions.swift; sourceTree = "<group>"; };
		16A2DAF42B5AD61000BAF175 /* TransactionListViewModel.swift */ = {isa = PBXFileReference; lastKnownFileType = sourcecode.swift; path = TransactionListViewModel.swift; sourceTree = "<group>"; };
		16A2DAF62B5ADB4500BAF175 /* RecentTransactionList.swift */ = {isa = PBXFileReference; lastKnownFileType = sourcecode.swift; path = RecentTransactionList.swift; sourceTree = "<group>"; };
		16C8F46B2B5B723A007B346B /* TransactionList.swift */ = {isa = PBXFileReference; lastKnownFileType = sourcecode.swift; path = TransactionList.swift; sourceTree = "<group>"; };
/* End PBXFileReference section */

/* Begin PBXFrameworksBuildPhase section */
		163553012B5ABB5800CA6DE8 /* Frameworks */ = {
			isa = PBXFrameworksBuildPhase;
			buildActionMask = 2147483647;
			files = (
				16C8F46F2B5B7513007B346B /* Collections in Frameworks */,
				16A2DAF32B5AC9C400BAF175 /* SwiftUIFontIcon in Frameworks */,
				16C8F4732B5B7513007B346B /* OrderedCollections in Frameworks */,
				16C8F4712B5B7513007B346B /* DequeModule in Frameworks */,
				16C8F4762B5B7774007B346B /* SwiftUICharts in Frameworks */,
			);
			runOnlyForDeploymentPostprocessing = 0;
		};
/* End PBXFrameworksBuildPhase section */

/* Begin PBXGroup section */
		163552FB2B5ABB5800CA6DE8 = {
			isa = PBXGroup;
			children = (
				163553062B5ABB5800CA6DE8 /* ExpenseTracker */,
				163553052B5ABB5800CA6DE8 /* Products */,
			);
			sourceTree = "<group>";
		};
		163553052B5ABB5800CA6DE8 /* Products */ = {
			isa = PBXGroup;
			children = (
				163553042B5ABB5800CA6DE8 /* ExpenseTracker.app */,
			);
			name = Products;
			sourceTree = "<group>";
		};
		163553062B5ABB5800CA6DE8 /* ExpenseTracker */ = {
			isa = PBXGroup;
			children = (
				163553072B5ABB5800CA6DE8 /* ExpenseTrackerApp.swift */,
				163553092B5ABB5800CA6DE8 /* ContentView.swift */,
				16A2DAF62B5ADB4500BAF175 /* RecentTransactionList.swift */,
				16C8F46B2B5B723A007B346B /* TransactionList.swift */,
				16A2DAED2B5AC5DE00BAF175 /* TransactionRow.swift */,
				16A2DAF42B5AD61000BAF175 /* TransactionListViewModel.swift */,
				16A2DAE92B5AC42C00BAF175 /* TransactionModel.swift */,
				16A2DAEF2B5AC77100BAF175 /* Extensions.swift */,
				1635530B2B5ABB5900CA6DE8 /* Assets.xcassets */,
				1635530D2B5ABB5900CA6DE8 /* Preview Content */,
			);
			path = ExpenseTracker;
			sourceTree = "<group>";
		};
		1635530D2B5ABB5900CA6DE8 /* Preview Content */ = {
			isa = PBXGroup;
			children = (
				1635530E2B5ABB5900CA6DE8 /* Preview Assets.xcassets */,
				16A2DAEB2B5AC54000BAF175 /* PreviewData.swift */,
			);
			path = "Preview Content";
			sourceTree = "<group>";
		};
/* End PBXGroup section */

/* Begin PBXNativeTarget section */
		163553032B5ABB5800CA6DE8 /* ExpenseTracker */ = {
			isa = PBXNativeTarget;
			buildConfigurationList = 163553122B5ABB5900CA6DE8 /* Build configuration list for PBXNativeTarget "ExpenseTracker" */;
			buildPhases = (
				163553002B5ABB5800CA6DE8 /* Sources */,
				163553012B5ABB5800CA6DE8 /* Frameworks */,
				163553022B5ABB5800CA6DE8 /* Resources */,
			);
			buildRules = (
			);
			dependencies = (
			);
			name = ExpenseTracker;
			packageProductDependencies = (
				16A2DAF22B5AC9C400BAF175 /* SwiftUIFontIcon */,
				16C8F46E2B5B7513007B346B /* Collections */,
				16C8F4702B5B7513007B346B /* DequeModule */,
				16C8F4722B5B7513007B346B /* OrderedCollections */,
				16C8F4752B5B7774007B346B /* SwiftUICharts */,
			);
			productName = ExpenseTracker;
			productReference = 163553042B5ABB5800CA6DE8 /* ExpenseTracker.app */;
			productType = "com.apple.product-type.application";
		};
/* End PBXNativeTarget section */

/* Begin PBXProject section */
		163552FC2B5ABB5800CA6DE8 /* Project object */ = {
			isa = PBXProject;
			attributes = {
				BuildIndependentTargetsInParallel = 1;
				LastSwiftUpdateCheck = 1520;
				LastUpgradeCheck = 1520;
				TargetAttributes = {
					163553032B5ABB5800CA6DE8 = {
						CreatedOnToolsVersion = 15.2;
					};
				};
			};
			buildConfigurationList = 163552FF2B5ABB5800CA6DE8 /* Build configuration list for PBXProject "ExpenseTracker" */;
			compatibilityVersion = "Xcode 14.0";
			developmentRegion = en;
			hasScannedForEncodings = 0;
			knownRegions = (
				en,
				Base,
			);
			mainGroup = 163552FB2B5ABB5800CA6DE8;
			packageReferences = (
				16A2DAF12B5AC9C400BAF175 /* XCRemoteSwiftPackageReference "SwiftUIFontIcon" */,
				16C8F46D2B5B7513007B346B /* XCRemoteSwiftPackageReference "swift-collections" */,
				16C8F4742B5B7774007B346B /* XCRemoteSwiftPackageReference "ChartView" */,
			);
			productRefGroup = 163553052B5ABB5800CA6DE8 /* Products */;
			projectDirPath = "";
			projectRoot = "";
			targets = (
				163553032B5ABB5800CA6DE8 /* ExpenseTracker */,
			);
		};
/* End PBXProject section */

/* Begin PBXResourcesBuildPhase section */
		163553022B5ABB5800CA6DE8 /* Resources */ = {
			isa = PBXResourcesBuildPhase;
			buildActionMask = 2147483647;
			files = (
				1635530F2B5ABB5900CA6DE8 /* Preview Assets.xcassets in Resources */,
				1635530C2B5ABB5900CA6DE8 /* Assets.xcassets in Resources */,
			);
			runOnlyForDeploymentPostprocessing = 0;
		};
/* End PBXResourcesBuildPhase section */

/* Begin PBXSourcesBuildPhase section */
		163553002B5ABB5800CA6DE8 /* Sources */ = {
			isa = PBXSourcesBuildPhase;
			buildActionMask = 2147483647;
			files = (
				16A2DAEE2B5AC5DE00BAF175 /* TransactionRow.swift in Sources */,
				16C8F46C2B5B723A007B346B /* TransactionList.swift in Sources */,
				16A2DAF72B5ADB4500BAF175 /* RecentTransactionList.swift in Sources */,
				16A2DAF02B5AC77100BAF175 /* Extensions.swift in Sources */,
				16A2DAEC2B5AC54000BAF175 /* PreviewData.swift in Sources */,
				16A2DAEA2B5AC42C00BAF175 /* TransactionModel.swift in Sources */,
				1635530A2B5ABB5800CA6DE8 /* ContentView.swift in Sources */,
				16A2DAF52B5AD61000BAF175 /* TransactionListViewModel.swift in Sources */,
				163553082B5ABB5800CA6DE8 /* ExpenseTrackerApp.swift in Sources */,
			);
			runOnlyForDeploymentPostprocessing = 0;
		};
/* End PBXSourcesBuildPhase section */

/* Begin XCBuildConfiguration section */
		163553102B5ABB5900CA6DE8 /* Debug */ = {
			isa = XCBuildConfiguration;
			buildSettings = {
				ALWAYS_SEARCH_USER_PATHS = NO;
				ASSETCATALOG_COMPILER_GENERATE_SWIFT_ASSET_SYMBOL_EXTENSIONS = YES;
				CLANG_ANALYZER_NONNULL = YES;
				CLANG_ANALYZER_NUMBER_OBJECT_CONVERSION = YES_AGGRESSIVE;
				CLANG_CXX_LANGUAGE_STANDARD = "gnu++20";
				CLANG_ENABLE_MODULES = YES;
				CLANG_ENABLE_OBJC_ARC = YES;
				CLANG_ENABLE_OBJC_WEAK = YES;
				CLANG_WARN_BLOCK_CAPTURE_AUTORELEASING = YES;
				CLANG_WARN_BOOL_CONVERSION = YES;
				CLANG_WARN_COMMA = YES;
				CLANG_WARN_CONSTANT_CONVERSION = YES;
				CLANG_WARN_DEPRECATED_OBJC_IMPLEMENTATIONS = YES;
				CLANG_WARN_DIRECT_OBJC_ISA_USAGE = YES_ERROR;
				CLANG_WARN_DOCUMENTATION_COMMENTS = YES;
				CLANG_WARN_EMPTY_BODY = YES;
				CLANG_WARN_ENUM_CONVERSION = YES;
				CLANG_WARN_INFINITE_RECURSION = YES;
				CLANG_WARN_INT_CONVERSION = YES;
				CLANG_WARN_NON_LITERAL_NULL_CONVERSION = YES;
				CLANG_WARN_OBJC_IMPLICIT_RETAIN_SELF = YES;
				CLANG_WARN_OBJC_LITERAL_CONVERSION = YES;
				CLANG_WARN_OBJC_ROOT_CLASS = YES_ERROR;
				CLANG_WARN_QUOTED_INCLUDE_IN_FRAMEWORK_HEADER = YES;
				CLANG_WARN_RANGE_LOOP_ANALYSIS = YES;
				CLANG_WARN_STRICT_PROTOTYPES = YES;
				CLANG_WARN_SUSPICIOUS_MOVE = YES;
				CLANG_WARN_UNGUARDED_AVAILABILITY = YES_AGGRESSIVE;
				CLANG_WARN_UNREACHABLE_CODE = YES;
				CLANG_WARN__DUPLICATE_METHOD_MATCH = YES;
				COPY_PHASE_STRIP = NO;
				DEBUG_INFORMATION_FORMAT = dwarf;
				ENABLE_STRICT_OBJC_MSGSEND = YES;
				ENABLE_TESTABILITY = YES;
				ENABLE_USER_SCRIPT_SANDBOXING = YES;
				GCC_C_LANGUAGE_STANDARD = gnu17;
				GCC_DYNAMIC_NO_PIC = NO;
				GCC_NO_COMMON_BLOCKS = YES;
				GCC_OPTIMIZATION_LEVEL = 0;
				GCC_PREPROCESSOR_DEFINITIONS = (
					"DEBUG=1",
					"$(inherited)",
				);
				GCC_WARN_64_TO_32_BIT_CONVERSION = YES;
				GCC_WARN_ABOUT_RETURN_TYPE = YES_ERROR;
				GCC_WARN_UNDECLARED_SELECTOR = YES;
				GCC_WARN_UNINITIALIZED_AUTOS = YES_AGGRESSIVE;
				GCC_WARN_UNUSED_FUNCTION = YES;
				GCC_WARN_UNUSED_VARIABLE = YES;
				IPHONEOS_DEPLOYMENT_TARGET = 17.2;
				LOCALIZATION_PREFERS_STRING_CATALOGS = YES;
				MTL_ENABLE_DEBUG_INFO = INCLUDE_SOURCE;
				MTL_FAST_MATH = YES;
				ONLY_ACTIVE_ARCH = YES;
				SDKROOT = iphoneos;
				SWIFT_ACTIVE_COMPILATION_CONDITIONS = "DEBUG $(inherited)";
				SWIFT_OPTIMIZATION_LEVEL = "-Onone";
			};
			name = Debug;
		};
		163553112B5ABB5900CA6DE8 /* Release */ = {
			isa = XCBuildConfiguration;
			buildSettings = {
				ALWAYS_SEARCH_USER_PATHS = NO;
				ASSETCATALOG_COMPILER_GENERATE_SWIFT_ASSET_SYMBOL_EXTENSIONS = YES;
				CLANG_ANALYZER_NONNULL = YES;
				CLANG_ANALYZER_NUMBER_OBJECT_CONVERSION = YES_AGGRESSIVE;
				CLANG_CXX_LANGUAGE_STANDARD = "gnu++20";
				CLANG_ENABLE_MODULES = YES;
				CLANG_ENABLE_OBJC_ARC = YES;
				CLANG_ENABLE_OBJC_WEAK = YES;
				CLANG_WARN_BLOCK_CAPTURE_AUTORELEASING = YES;
				CLANG_WARN_BOOL_CONVERSION = YES;
				CLANG_WARN_COMMA = YES;
				CLANG_WARN_CONSTANT_CONVERSION = YES;
				CLANG_WARN_DEPRECATED_OBJC_IMPLEMENTATIONS = YES;
				CLANG_WARN_DIRECT_OBJC_ISA_USAGE = YES_ERROR;
				CLANG_WARN_DOCUMENTATION_COMMENTS = YES;
				CLANG_WARN_EMPTY_BODY = YES;
				CLANG_WARN_ENUM_CONVERSION = YES;
				CLANG_WARN_INFINITE_RECURSION = YES;
				CLANG_WARN_INT_CONVERSION = YES;
				CLANG_WARN_NON_LITERAL_NULL_CONVERSION = YES;
				CLANG_WARN_OBJC_IMPLICIT_RETAIN_SELF = YES;
				CLANG_WARN_OBJC_LITERAL_CONVERSION = YES;
				CLANG_WARN_OBJC_ROOT_CLASS = YES_ERROR;
				CLANG_WARN_QUOTED_INCLUDE_IN_FRAMEWORK_HEADER = YES;
				CLANG_WARN_RANGE_LOOP_ANALYSIS = YES;
				CLANG_WARN_STRICT_PROTOTYPES = YES;
				CLANG_WARN_SUSPICIOUS_MOVE = YES;
				CLANG_WARN_UNGUARDED_AVAILABILITY = YES_AGGRESSIVE;
				CLANG_WARN_UNREACHABLE_CODE = YES;
				CLANG_WARN__DUPLICATE_METHOD_MATCH = YES;
				COPY_PHASE_STRIP = NO;
				DEBUG_INFORMATION_FORMAT = "dwarf-with-dsym";
				ENABLE_NS_ASSERTIONS = NO;
				ENABLE_STRICT_OBJC_MSGSEND = YES;
				ENABLE_USER_SCRIPT_SANDBOXING = YES;
				GCC_C_LANGUAGE_STANDARD = gnu17;
				GCC_NO_COMMON_BLOCKS = YES;
				GCC_WARN_64_TO_32_BIT_CONVERSION = YES;
				GCC_WARN_ABOUT_RETURN_TYPE = YES_ERROR;
				GCC_WARN_UNDECLARED_SELECTOR = YES;
				GCC_WARN_UNINITIALIZED_AUTOS = YES_AGGRESSIVE;
				GCC_WARN_UNUSED_FUNCTION = YES;
				GCC_WARN_UNUSED_VARIABLE = YES;
				IPHONEOS_DEPLOYMENT_TARGET = 17.2;
				LOCALIZATION_PREFERS_STRING_CATALOGS = YES;
				MTL_ENABLE_DEBUG_INFO = NO;
				MTL_FAST_MATH = YES;
				SDKROOT = iphoneos;
				SWIFT_COMPILATION_MODE = wholemodule;
				VALIDATE_PRODUCT = YES;
			};
			name = Release;
		};
		163553132B5ABB5900CA6DE8 /* Debug */ = {
			isa = XCBuildConfiguration;
			buildSettings = {
				ASSETCATALOG_COMPILER_APPICON_NAME = AppIcon;
				ASSETCATALOG_COMPILER_GLOBAL_ACCENT_COLOR_NAME = AccentColor;
				CODE_SIGN_STYLE = Automatic;
				CURRENT_PROJECT_VERSION = 1;
				DEVELOPMENT_ASSET_PATHS = "\"ExpenseTracker/Preview Content\"";
				DEVELOPMENT_TEAM = 2G3ZY4K567;
				ENABLE_PREVIEWS = YES;
				GENERATE_INFOPLIST_FILE = YES;
				INFOPLIST_KEY_UIApplicationSceneManifest_Generation = YES;
				INFOPLIST_KEY_UIApplicationSupportsIndirectInputEvents = YES;
				INFOPLIST_KEY_UILaunchScreen_Generation = YES;
				INFOPLIST_KEY_UISupportedInterfaceOrientations_iPad = "UIInterfaceOrientationPortrait UIInterfaceOrientationPortraitUpsideDown UIInterfaceOrientationLandscapeLeft UIInterfaceOrientationLandscapeRight";
				INFOPLIST_KEY_UISupportedInterfaceOrientations_iPhone = "UIInterfaceOrientationPortrait UIInterfaceOrientationLandscapeLeft UIInterfaceOrientationLandscapeRight";
				LD_RUNPATH_SEARCH_PATHS = (
					"$(inherited)",
					"@executable_path/Frameworks",
				);
				MARKETING_VERSION = 1.0;
				PRODUCT_BUNDLE_IDENTIFIER = com.nanda.ExpenseTracker;
				PRODUCT_NAME = "$(TARGET_NAME)";
				SWIFT_EMIT_LOC_STRINGS = YES;
				SWIFT_VERSION = 5.0;
				TARGETED_DEVICE_FAMILY = "1,2";
			};
			name = Debug;
		};
		163553142B5ABB5900CA6DE8 /* Release */ = {
			isa = XCBuildConfiguration;
			buildSettings = {
				ASSETCATALOG_COMPILER_APPICON_NAME = AppIcon;
				ASSETCATALOG_COMPILER_GLOBAL_ACCENT_COLOR_NAME = AccentColor;
				CODE_SIGN_STYLE = Automatic;
				CURRENT_PROJECT_VERSION = 1;
				DEVELOPMENT_ASSET_PATHS = "\"ExpenseTracker/Preview Content\"";
				DEVELOPMENT_TEAM = 2G3ZY4K567;
				ENABLE_PREVIEWS = YES;
				GENERATE_INFOPLIST_FILE = YES;
				INFOPLIST_KEY_UIApplicationSceneManifest_Generation = YES;
				INFOPLIST_KEY_UIApplicationSupportsIndirectInputEvents = YES;
				INFOPLIST_KEY_UILaunchScreen_Generation = YES;
				INFOPLIST_KEY_UISupportedInterfaceOrientations_iPad = "UIInterfaceOrientationPortrait UIInterfaceOrientationPortraitUpsideDown UIInterfaceOrientationLandscapeLeft UIInterfaceOrientationLandscapeRight";
				INFOPLIST_KEY_UISupportedInterfaceOrientations_iPhone = "UIInterfaceOrientationPortrait UIInterfaceOrientationLandscapeLeft UIInterfaceOrientationLandscapeRight";
				LD_RUNPATH_SEARCH_PATHS = (
					"$(inherited)",
					"@executable_path/Frameworks",
				);
				MARKETING_VERSION = 1.0;
				PRODUCT_BUNDLE_IDENTIFIER = com.nanda.ExpenseTracker;
				PRODUCT_NAME = "$(TARGET_NAME)";
				SWIFT_EMIT_LOC_STRINGS = YES;
				SWIFT_VERSION = 5.0;
				TARGETED_DEVICE_FAMILY = "1,2";
			};
			name = Release;
		};
/* End XCBuildConfiguration section */

/* Begin XCConfigurationList section */
		163552FF2B5ABB5800CA6DE8 /* Build configuration list for PBXProject "ExpenseTracker" */ = {
			isa = XCConfigurationList;
			buildConfigurations = (
				163553102B5ABB5900CA6DE8 /* Debug */,
				163553112B5ABB5900CA6DE8 /* Release */,
			);
			defaultConfigurationIsVisible = 0;
			defaultConfigurationName = Release;
		};
		163553122B5ABB5900CA6DE8 /* Build configuration list for PBXNativeTarget "ExpenseTracker" */ = {
			isa = XCConfigurationList;
			buildConfigurations = (
				163553132B5ABB5900CA6DE8 /* Debug */,
				163553142B5ABB5900CA6DE8 /* Release */,
			);
			defaultConfigurationIsVisible = 0;
			defaultConfigurationName = Release;
		};
/* End XCConfigurationList section */

/* Begin XCRemoteSwiftPackageReference section */
		16A2DAF12B5AC9C400BAF175 /* XCRemoteSwiftPackageReference "SwiftUIFontIcon" */ = {
			isa = XCRemoteSwiftPackageReference;
			repositoryURL = "https://github.com/huybuidac/SwiftUIFontIcon.git";
			requirement = {
				branch = master;
				kind = branch;
			};
		};
		16C8F46D2B5B7513007B346B /* XCRemoteSwiftPackageReference "swift-collections" */ = {
			isa = XCRemoteSwiftPackageReference;
			repositoryURL = "https://github.com/apple/swift-collections.git";
			requirement = {
				kind = upToNextMajorVersion;
				minimumVersion = 1.0.6;
			};
		};
		16C8F4742B5B7774007B346B /* XCRemoteSwiftPackageReference "ChartView" */ = {
			isa = XCRemoteSwiftPackageReference;
			repositoryURL = "https://github.com/AppPear/ChartView.git";
			requirement = {
				kind = exactVersion;
				version = "2.0.0-beta.2";
			};
		};
/* End XCRemoteSwiftPackageReference section */

/* Begin XCSwiftPackageProductDependency section */
		16A2DAF22B5AC9C400BAF175 /* SwiftUIFontIcon */ = {
			isa = XCSwiftPackageProductDependency;
			package = 16A2DAF12B5AC9C400BAF175 /* XCRemoteSwiftPackageReference "SwiftUIFontIcon" */;
			productName = SwiftUIFontIcon;
		};
		16C8F46E2B5B7513007B346B /* Collections */ = {
			isa = XCSwiftPackageProductDependency;
			package = 16C8F46D2B5B7513007B346B /* XCRemoteSwiftPackageReference "swift-collections" */;
			productName = Collections;
		};
		16C8F4702B5B7513007B346B /* DequeModule */ = {
			isa = XCSwiftPackageProductDependency;
			package = 16C8F46D2B5B7513007B346B /* XCRemoteSwiftPackageReference "swift-collections" */;
			productName = DequeModule;
		};
		16C8F4722B5B7513007B346B /* OrderedCollections */ = {
			isa = XCSwiftPackageProductDependency;
			package = 16C8F46D2B5B7513007B346B /* XCRemoteSwiftPackageReference "swift-collections" */;
			productName = OrderedCollections;
		};
		16C8F4752B5B7774007B346B /* SwiftUICharts */ = {
			isa = XCSwiftPackageProductDependency;
			package = 16C8F4742B5B7774007B346B /* XCRemoteSwiftPackageReference "ChartView" */;
			productName = SwiftUICharts;
		};
/* End XCSwiftPackageProductDependency section */
	};
	rootObject = 163552FC2B5ABB5800CA6DE8 /* Project object */;
}
